
Microsoft Visual Studio Solution File, Format Version 12.00
# Visual Studio Version 17
VisualStudioVersion = 17.0.31903.59
MinimumVisualStudioVersion = 10.0.40219.1
Project("{FAE04EC0-301F-11D3-BF4B-00C04F79EFBC}") = "Presentation", "Presentation\Presentation.csproj", "{F996B8E5-0C99-4437-982F-07EAF9D661EF}"
EndProject
Project("{FAE04EC0-301F-11D3-BF4B-00C04F79EFBC}") = "Infrastructure", "Infrastructure\Infrastructure.csproj", "{BBF1409B-66FA-4487-B613-98BDCFB3D1D7}"
EndProject
Project("{FAE04EC0-301F-11D3-BF4B-00C04F79EFBC}") = "Application", "Application\Application.csproj", "{42C04E24-5754-4285-9C51-486E4B6A4730}"
EndProject
Global
	GlobalSection(SolutionProperties) = preSolution
		HideSolutionNode = FALSE
	EndGlobalSection
	GlobalSection(SolutionConfigurationPlatforms) = preSolution
		Debug|Any CPU = Debug|Any CPU
		Debug|x64 = Debug|x64
		Debug|x86 = Debug|x86
		Release|Any CPU = Release|Any CPU
		Release|x64 = Release|x64
		Release|x86 = Release|x86
	EndGlobalSection
	GlobalSection(ProjectConfigurationPlatforms) = postSolution
		{F996B8E5-0C99-4437-982F-07EAF9D661EF}.Debug|Any CPU.ActiveCfg = Debug|Any CPU
		{F996B8E5-0C99-4437-982F-07EAF9D661EF}.Debug|Any CPU.Build.0 = Debug|Any CPU
		{F996B8E5-0C99-4437-982F-07EAF9D661EF}.Debug|x64.ActiveCfg = Debug|Any CPU
		{F996B8E5-0C99-4437-982F-07EAF9D661EF}.Debug|x64.Build.0 = Debug|Any CPU
		{F996B8E5-0C99-4437-982F-07EAF9D661EF}.Debug|x86.ActiveCfg = Debug|Any CPU
		{F996B8E5-0C99-4437-982F-07EAF9D661EF}.Debug|x86.Build.0 = Debug|Any CPU
		{F996B8E5-0C99-4437-982F-07EAF9D661EF}.Release|Any CPU.ActiveCfg = Release|Any CPU
		{F996B8E5-0C99-4437-982F-07EAF9D661EF}.Release|Any CPU.Build.0 = Release|Any CPU
		{F996B8E5-0C99-4437-982F-07EAF9D661EF}.Release|x64.ActiveCfg = Release|Any CPU
		{F996B8E5-0C99-4437-982F-07EAF9D661EF}.Release|x64.Build.0 = Release|Any CPU
		{F996B8E5-0C99-4437-982F-07EAF9D661EF}.Release|x86.ActiveCfg = Release|Any CPU
		{F996B8E5-0C99-4437-982F-07EAF9D661EF}.Release|x86.Build.0 = Release|Any CPU
		{BBF1409B-66FA-4487-B613-98BDCFB3D1D7}.Debug|Any CPU.ActiveCfg = Debug|Any CPU
		{BBF1409B-66FA-4487-B613-98BDCFB3D1D7}.Debug|Any CPU.Build.0 = Debug|Any CPU
		{BBF1409B-66FA-4487-B613-98BDCFB3D1D7}.Debug|x64.ActiveCfg = Debug|Any CPU
		{BBF1409B-66FA-4487-B613-98BDCFB3D1D7}.Debug|x64.Build.0 = Debug|Any CPU
		{BBF1409B-66FA-4487-B613-98BDCFB3D1D7}.Debug|x86.ActiveCfg = Debug|Any CPU
		{BBF1409B-66FA-4487-B613-98BDCFB3D1D7}.Debug|x86.Build.0 = Debug|Any CPU
		{BBF1409B-66FA-4487-B613-98BDCFB3D1D7}.Release|Any CPU.ActiveCfg = Release|Any CPU
		{BBF1409B-66FA-4487-B613-98BDCFB3D1D7}.Release|Any CPU.Build.0 = Release|Any CPU
		{BBF1409B-66FA-4487-B613-98BDCFB3D1D7}.Release|x64.ActiveCfg = Release|Any CPU
		{BBF1409B-66FA-4487-B613-98BDCFB3D1D7}.Release|x64.Build.0 = Release|Any CPU
		{BBF1409B-66FA-4487-B613-98BDCFB3D1D7}.Release|x86.ActiveCfg = Release|Any CPU
		{BBF1409B-66FA-4487-B613-98BDCFB3D1D7}.Release|x86.Build.0 = Release|Any CPU
		{42C04E24-5754-4285-9C51-486E4B6A4730}.Debug|Any CPU.ActiveCfg = Debug|Any CPU
		{42C04E24-5754-4285-9C51-486E4B6A4730}.Debug|Any CPU.Build.0 = Debug|Any CPU
		{42C04E24-5754-4285-9C51-486E4B6A4730}.Debug|x64.ActiveCfg = Debug|Any CPU
		{42C04E24-5754-4285-9C51-486E4B6A4730}.Debug|x64.Build.0 = Debug|Any CPU
		{42C04E24-5754-4285-9C51-486E4B6A4730}.Debug|x86.ActiveCfg = Debug|Any CPU
		{42C04E24-5754-4285-9C51-486E4B6A4730}.Debug|x86.Build.0 = Debug|Any CPU
		{42C04E24-5754-4285-9C51-486E4B6A4730}.Release|Any CPU.ActiveCfg = Release|Any CPU
		{42C04E24-5754-4285-9C51-486E4B6A4730}.Release|Any CPU.Build.0 = Release|Any CPU
		{42C04E24-5754-4285-9C51-486E4B6A4730}.Release|x64.ActiveCfg = Release|Any CPU
		{42C04E24-5754-4285-9C51-486E4B6A4730}.Release|x64.Build.0 = Release|Any CPU
		{42C04E24-5754-4285-9C51-486E4B6A4730}.Release|x86.ActiveCfg = Release|Any CPU
		{42C04E24-5754-4285-9C51-486E4B6A4730}.Release|x86.Build.0 = Release|Any CPU
	EndGlobalSection
EndGlobal
